
Microsoft Visual Studio Solution File, Format Version 12.00
# Visual Studio Version 17
VisualStudioVersion = 17.3.32901.215
MinimumVisualStudioVersion = 10.0.40219.1
Project("{888888A0-9F3D-457C-B088-3A5042F75D52}") = "psd_export", "psd_export.pyproj", "{95EE68D4-6F63-4172-BEEF-44131E98852B}"
EndProject
Global
	GlobalSection(SolutionConfigurationPlatforms) = preSolution
		Debug|Any CPU = Debug|Any CPU
		Release|Any CPU = Release|Any CPU
	EndGlobalSection
	GlobalSection(ProjectConfigurationPlatforms) = postSolution
		{95EE68D4-6F63-4172-BEEF-44131E98852B}.Debug|Any CPU.ActiveCfg = Debug|Any CPU
		{95EE68D4-6F63-4172-BEEF-44131E98852B}.Release|Any CPU.ActiveCfg = Release|Any CPU
	EndGlobalSection
	GlobalSection(SolutionProperties) = preSolution
		HideSolutionNode = FALSE
	EndGlobalSection
	GlobalSection(ExtensibilityGlobals) = postSolution
		SolutionGuid = {C0C51CEB-FE3F-496A-908C-68649030FFC2}
	EndGlobalSection
EndGlobal
